// !$*UTF8*$!
{
	archiveVersion = 1;
	classes = {
	};
	objectVersion = 50;
	objects = {

/* Begin PBXBuildFile section */
		596EA34E23EC998200ACA58D /* AppDelegate.swift in Sources */ = {isa = PBXBuildFile; fileRef = 596EA34D23EC998200ACA58D /* AppDelegate.swift */; };
		596EA35023EC998200ACA58D /* SceneDelegate.swift in Sources */ = {isa = PBXBuildFile; fileRef = 596EA34F23EC998200ACA58D /* SceneDelegate.swift */; };
		596EA35723EC998400ACA58D /* Assets.xcassets in Resources */ = {isa = PBXBuildFile; fileRef = 596EA35623EC998400ACA58D /* Assets.xcassets */; };
		596EA35A23EC998400ACA58D /* LaunchScreen.storyboard in Resources */ = {isa = PBXBuildFile; fileRef = 596EA35823EC998400ACA58D /* LaunchScreen.storyboard */; };
		596EA36223EC9A2400ACA58D /* README.md in Resources */ = {isa = PBXBuildFile; fileRef = 596EA36123EC9A2400ACA58D /* README.md */; };
		596EA39B23EC9ACF00ACA58D /* Functions.swift in Sources */ = {isa = PBXBuildFile; fileRef = 596EA36523EC9ACE00ACA58D /* Functions.swift */; };
		596EA39C23EC9ACF00ACA58D /* Cache.swift in Sources */ = {isa = PBXBuildFile; fileRef = 596EA36623EC9ACE00ACA58D /* Cache.swift */; };
		596EA39D23EC9ACF00ACA58D /* Constant.swift in Sources */ = {isa = PBXBuildFile; fileRef = 596EA36823EC9ACE00ACA58D /* Constant.swift */; };
		596EA39E23EC9ACF00ACA58D /* CellIdentifier.swift in Sources */ = {isa = PBXBuildFile; fileRef = 596EA36923EC9ACE00ACA58D /* CellIdentifier.swift */; };
		596EA3A023EC9ACF00ACA58D /* StringConstant.swift in Sources */ = {isa = PBXBuildFile; fileRef = 596EA36B23EC9ACE00ACA58D /* StringConstant.swift */; };
		596EA3A123EC9ACF00ACA58D /* ControllerIdentifier.swift in Sources */ = {isa = PBXBuildFile; fileRef = 596EA36C23EC9ACE00ACA58D /* ControllerIdentifier.swift */; };
		596EA3A223EC9ACF00ACA58D /* ApiKeys.swift in Sources */ = {isa = PBXBuildFile; fileRef = 596EA36E23EC9ACE00ACA58D /* ApiKeys.swift */; };
		596EA3C423EC9B0100ACA58D /* User.storyboard in Resources */ = {isa = PBXBuildFile; fileRef = 596EA3C323EC9B0100ACA58D /* User.storyboard */; };
		596EA3C623EC9C1700ACA58D /* AddUserVC.swift in Sources */ = {isa = PBXBuildFile; fileRef = 596EA3C523EC9C1700ACA58D /* AddUserVC.swift */; };
		596EA3C823EC9C3A00ACA58D /* UserListVC.swift in Sources */ = {isa = PBXBuildFile; fileRef = 596EA3C723EC9C3A00ACA58D /* UserListVC.swift */; };
		596EA3CB23EC9C8600ACA58D /* UserTableCell.swift in Sources */ = {isa = PBXBuildFile; fileRef = 596EA3C923EC9C8600ACA58D /* UserTableCell.swift */; };
		596EA3CC23EC9C8600ACA58D /* UserTableCell.xib in Resources */ = {isa = PBXBuildFile; fileRef = 596EA3CA23EC9C8600ACA58D /* UserTableCell.xib */; };
		596EA3CE23EC9EC900ACA58D /* UITableViewExtensions.swift in Sources */ = {isa = PBXBuildFile; fileRef = 596EA3CD23EC9EC900ACA58D /* UITableViewExtensions.swift */; };
		596EA3D423EDB51100ACA58D /* DB.sqlite in Resources */ = {isa = PBXBuildFile; fileRef = 596EA3D223EDB51100ACA58D /* DB.sqlite */; };
		596EA3D523EDB51100ACA58D /* DBFacilities.swift in Sources */ = {isa = PBXBuildFile; fileRef = 596EA3D323EDB51100ACA58D /* DBFacilities.swift */; };
		596EA3DA23EDCE5600ACA58D /* UIViewExtension.swift in Sources */ = {isa = PBXBuildFile; fileRef = 596EA3D923EDCE5600ACA58D /* UIViewExtension.swift */; };
		596EA3DC23EDD03200ACA58D /* StringExtension.swift in Sources */ = {isa = PBXBuildFile; fileRef = 596EA3DB23EDD03200ACA58D /* StringExtension.swift */; };
		596EA3DE23EDD7F200ACA58D /* UserData.swift in Sources */ = {isa = PBXBuildFile; fileRef = 596EA3DD23EDD7F200ACA58D /* UserData.swift */; };
		596EA3E023EDE2C300ACA58D /* UIViewControllerExtension.swift in Sources */ = {isa = PBXBuildFile; fileRef = 596EA3DF23EDE2C300ACA58D /* UIViewControllerExtension.swift */; };
		596EA3E123EDF60500ACA58D /* libsqlite3.tbd in Frameworks */ = {isa = PBXBuildFile; fileRef = 596EA3D723EDB78200ACA58D /* libsqlite3.tbd */; };
/* End PBXBuildFile section */

/* Begin PBXFileReference section */
		596EA34A23EC998200ACA58D /* GSSqliteGlobal.app */ = {isa = PBXFileReference; explicitFileType = wrapper.application; includeInIndex = 0; path = GSSqliteGlobal.app; sourceTree = BUILT_PRODUCTS_DIR; };
		596EA34D23EC998200ACA58D /* AppDelegate.swift */ = {isa = PBXFileReference; lastKnownFileType = sourcecode.swift; path = AppDelegate.swift; sourceTree = "<group>"; };
		596EA34F23EC998200ACA58D /* SceneDelegate.swift */ = {isa = PBXFileReference; lastKnownFileType = sourcecode.swift; path = SceneDelegate.swift; sourceTree = "<group>"; };
		596EA35623EC998400ACA58D /* Assets.xcassets */ = {isa = PBXFileReference; lastKnownFileType = folder.assetcatalog; path = Assets.xcassets; sourceTree = "<group>"; };
		596EA35923EC998400ACA58D /* Base */ = {isa = PBXFileReference; lastKnownFileType = file.storyboard; name = Base; path = Base.lproj/LaunchScreen.storyboard; sourceTree = "<group>"; };
		596EA35B23EC998400ACA58D /* Info.plist */ = {isa = PBXFileReference; lastKnownFileType = text.plist.xml; path = Info.plist; sourceTree = "<group>"; };
		596EA36123EC9A2400ACA58D /* README.md */ = {isa = PBXFileReference; lastKnownFileType = net.daringfireball.markdown; path = README.md; sourceTree = "<group>"; };
		596EA36523EC9ACE00ACA58D /* Functions.swift */ = {isa = PBXFileReference; fileEncoding = 4; lastKnownFileType = sourcecode.swift; path = Functions.swift; sourceTree = "<group>"; };
		596EA36623EC9ACE00ACA58D /* Cache.swift */ = {isa = PBXFileReference; fileEncoding = 4; lastKnownFileType = sourcecode.swift; path = Cache.swift; sourceTree = "<group>"; };
		596EA36823EC9ACE00ACA58D /* Constant.swift */ = {isa = PBXFileReference; fileEncoding = 4; lastKnownFileType = sourcecode.swift; path = Constant.swift; sourceTree = "<group>"; };
		596EA36923EC9ACE00ACA58D /* CellIdentifier.swift */ = {isa = PBXFileReference; fileEncoding = 4; lastKnownFileType = sourcecode.swift; path = CellIdentifier.swift; sourceTree = "<group>"; };
		596EA36B23EC9ACE00ACA58D /* StringConstant.swift */ = {isa = PBXFileReference; fileEncoding = 4; lastKnownFileType = sourcecode.swift; path = StringConstant.swift; sourceTree = "<group>"; };
		596EA36C23EC9ACE00ACA58D /* ControllerIdentifier.swift */ = {isa = PBXFileReference; fileEncoding = 4; lastKnownFileType = sourcecode.swift; path = ControllerIdentifier.swift; sourceTree = "<group>"; };
		596EA36E23EC9ACE00ACA58D /* ApiKeys.swift */ = {isa = PBXFileReference; fileEncoding = 4; lastKnownFileType = sourcecode.swift; path = ApiKeys.swift; sourceTree = "<group>"; };
		596EA3C323EC9B0100ACA58D /* User.storyboard */ = {isa = PBXFileReference; lastKnownFileType = file.storyboard; path = User.storyboard; sourceTree = "<group>"; };
		596EA3C523EC9C1700ACA58D /* AddUserVC.swift */ = {isa = PBXFileReference; lastKnownFileType = sourcecode.swift; path = AddUserVC.swift; sourceTree = "<group>"; };
		596EA3C723EC9C3A00ACA58D /* UserListVC.swift */ = {isa = PBXFileReference; lastKnownFileType = sourcecode.swift; path = UserListVC.swift; sourceTree = "<group>"; };
		596EA3C923EC9C8600ACA58D /* UserTableCell.swift */ = {isa = PBXFileReference; lastKnownFileType = sourcecode.swift; path = UserTableCell.swift; sourceTree = "<group>"; };
		596EA3CA23EC9C8600ACA58D /* UserTableCell.xib */ = {isa = PBXFileReference; lastKnownFileType = file.xib; path = UserTableCell.xib; sourceTree = "<group>"; };
		596EA3CD23EC9EC900ACA58D /* UITableViewExtensions.swift */ = {isa = PBXFileReference; fileEncoding = 4; lastKnownFileType = sourcecode.swift; path = UITableViewExtensions.swift; sourceTree = "<group>"; };
		596EA3D023EDB51100ACA58D /* ConstantDB.h */ = {isa = PBXFileReference; fileEncoding = 4; lastKnownFileType = sourcecode.c.h; path = ConstantDB.h; sourceTree = "<group>"; };
		596EA3D123EDB51100ACA58D /* GSSqliteGlobal-Bridging-Header.h */ = {isa = PBXFileReference; fileEncoding = 4; lastKnownFileType = sourcecode.c.h; path = "GSSqliteGlobal-Bridging-Header.h"; sourceTree = "<group>"; };
		596EA3D223EDB51100ACA58D /* DB.sqlite */ = {isa = PBXFileReference; lastKnownFileType = file; path = DB.sqlite; sourceTree = "<group>"; };
		596EA3D323EDB51100ACA58D /* DBFacilities.swift */ = {isa = PBXFileReference; fileEncoding = 4; lastKnownFileType = sourcecode.swift; path = DBFacilities.swift; sourceTree = "<group>"; };
		596EA3D723EDB78200ACA58D /* libsqlite3.tbd */ = {isa = PBXFileReference; lastKnownFileType = "sourcecode.text-based-dylib-definition"; name = libsqlite3.tbd; path = usr/lib/libsqlite3.tbd; sourceTree = SDKROOT; };
		596EA3D923EDCE5600ACA58D /* UIViewExtension.swift */ = {isa = PBXFileReference; fileEncoding = 4; lastKnownFileType = sourcecode.swift; path = UIViewExtension.swift; sourceTree = "<group>"; };
		596EA3DB23EDD03200ACA58D /* StringExtension.swift */ = {isa = PBXFileReference; fileEncoding = 4; lastKnownFileType = sourcecode.swift; path = StringExtension.swift; sourceTree = "<group>"; };
		596EA3DD23EDD7F200ACA58D /* UserData.swift */ = {isa = PBXFileReference; fileEncoding = 4; lastKnownFileType = sourcecode.swift; path = UserData.swift; sourceTree = "<group>"; };
		596EA3DF23EDE2C300ACA58D /* UIViewControllerExtension.swift */ = {isa = PBXFileReference; fileEncoding = 4; lastKnownFileType = sourcecode.swift; path = UIViewControllerExtension.swift; sourceTree = "<group>"; };
/* End PBXFileReference section */

/* Begin PBXFrameworksBuildPhase section */
		596EA34723EC998200ACA58D /* Frameworks */ = {
			isa = PBXFrameworksBuildPhase;
			buildActionMask = 2147483647;
			files = (
				596EA3E123EDF60500ACA58D /* libsqlite3.tbd in Frameworks */,
			);
			runOnlyForDeploymentPostprocessing = 0;
		};
/* End PBXFrameworksBuildPhase section */

/* Begin PBXGroup section */
		596EA34123EC998200ACA58D = {
			isa = PBXGroup;
			children = (
				596EA36123EC9A2400ACA58D /* README.md */,
				596EA34C23EC998200ACA58D /* GSSqliteGlobal */,
				596EA34B23EC998200ACA58D /* Products */,
				596EA3D623EDB78200ACA58D /* Frameworks */,
			);
			sourceTree = "<group>";
		};
		596EA34B23EC998200ACA58D /* Products */ = {
			isa = PBXGroup;
			children = (
				596EA34A23EC998200ACA58D /* GSSqliteGlobal.app */,
			);
			name = Products;
			sourceTree = "<group>";
		};
		596EA34C23EC998200ACA58D /* GSSqliteGlobal */ = {
			isa = PBXGroup;
			children = (
				596EA34D23EC998200ACA58D /* AppDelegate.swift */,
				596EA34F23EC998200ACA58D /* SceneDelegate.swift */,
				596EA39523EC9ACF00ACA58D /* Modules */,
				596EA36323EC9ACE00ACA58D /* Global */,
				596EA35623EC998400ACA58D /* Assets.xcassets */,
				596EA35823EC998400ACA58D /* LaunchScreen.storyboard */,
				596EA35B23EC998400ACA58D /* Info.plist */,
			);
			path = GSSqliteGlobal;
			sourceTree = "<group>";
		};
		596EA36323EC9ACE00ACA58D /* Global */ = {
			isa = PBXGroup;
			children = (
				596EA3CF23EDB51100ACA58D /* Local Database */,
				596EA36423EC9ACE00ACA58D /* FileResource */,
				596EA36723EC9ACE00ACA58D /* Constants */,
				596EA36D23EC9ACE00ACA58D /* Network */,
				596EA37123EC9ACE00ACA58D /* Extensions */,
			);
			path = Global;
			sourceTree = "<group>";
		};
		596EA36423EC9ACE00ACA58D /* FileResource */ = {
			isa = PBXGroup;
			children = (
				596EA36523EC9ACE00ACA58D /* Functions.swift */,
				596EA36623EC9ACE00ACA58D /* Cache.swift */,
			);
			path = FileResource;
			sourceTree = "<group>";
		};
		596EA36723EC9ACE00ACA58D /* Constants */ = {
			isa = PBXGroup;
			children = (
				596EA36823EC9ACE00ACA58D /* Constant.swift */,
				596EA36923EC9ACE00ACA58D /* CellIdentifier.swift */,
				596EA36B23EC9ACE00ACA58D /* StringConstant.swift */,
				596EA36C23EC9ACE00ACA58D /* ControllerIdentifier.swift */,
			);
			path = Constants;
			sourceTree = "<group>";
		};
		596EA36D23EC9ACE00ACA58D /* Network */ = {
			isa = PBXGroup;
			children = (
				596EA36E23EC9ACE00ACA58D /* ApiKeys.swift */,
			);
			path = Network;
			sourceTree = "<group>";
		};
		596EA37123EC9ACE00ACA58D /* Extensions */ = {
			isa = PBXGroup;
			children = (
				596EA3DF23EDE2C300ACA58D /* UIViewControllerExtension.swift */,
				596EA3DB23EDD03200ACA58D /* StringExtension.swift */,
				596EA3D923EDCE5600ACA58D /* UIViewExtension.swift */,
				596EA3CD23EC9EC900ACA58D /* UITableViewExtensions.swift */,
			);
			path = Extensions;
			sourceTree = "<group>";
		};
		596EA39523EC9ACF00ACA58D /* Modules */ = {
			isa = PBXGroup;
			children = (
				596EA39623EC9ACF00ACA58D /* User */,
			);
			path = Modules;
			sourceTree = "<group>";
		};
		596EA39623EC9ACF00ACA58D /* User */ = {
			isa = PBXGroup;
			children = (
				596EA39823EC9ACF00ACA58D /* Model */,
				596EA39923EC9ACF00ACA58D /* View */,
				596EA39723EC9ACF00ACA58D /* Controller */,
			);
			path = User;
			sourceTree = "<group>";
		};
		596EA39723EC9ACF00ACA58D /* Controller */ = {
			isa = PBXGroup;
			children = (
				596EA3C523EC9C1700ACA58D /* AddUserVC.swift */,
				596EA3C723EC9C3A00ACA58D /* UserListVC.swift */,
			);
			path = Controller;
			sourceTree = "<group>";
		};
		596EA39823EC9ACF00ACA58D /* Model */ = {
			isa = PBXGroup;
			children = (
				596EA3DD23EDD7F200ACA58D /* UserData.swift */,
			);
			path = Model;
			sourceTree = "<group>";
		};
		596EA39923EC9ACF00ACA58D /* View */ = {
			isa = PBXGroup;
			children = (
				596EA39A23EC9ACF00ACA58D /* Storyboard */,
				596EA3C923EC9C8600ACA58D /* UserTableCell.swift */,
				596EA3CA23EC9C8600ACA58D /* UserTableCell.xib */,
			);
			path = View;
			sourceTree = "<group>";
		};
		596EA39A23EC9ACF00ACA58D /* Storyboard */ = {
			isa = PBXGroup;
			children = (
				596EA3C323EC9B0100ACA58D /* User.storyboard */,
			);
			path = Storyboard;
			sourceTree = "<group>";
		};
		596EA3CF23EDB51100ACA58D /* Local Database */ = {
			isa = PBXGroup;
			children = (
				596EA3D023EDB51100ACA58D /* ConstantDB.h */,
				596EA3D123EDB51100ACA58D /* GSSqliteGlobal-Bridging-Header.h */,
				596EA3D223EDB51100ACA58D /* DB.sqlite */,
				596EA3D323EDB51100ACA58D /* DBFacilities.swift */,
			);
			path = "Local Database";
			sourceTree = "<group>";
		};
		596EA3D623EDB78200ACA58D /* Frameworks */ = {
			isa = PBXGroup;
			children = (
				596EA3D723EDB78200ACA58D /* libsqlite3.tbd */,
			);
			name = Frameworks;
			sourceTree = "<group>";
		};
/* End PBXGroup section */

/* Begin PBXNativeTarget section */
		596EA34923EC998200ACA58D /* GSSqliteGlobal */ = {
			isa = PBXNativeTarget;
			buildConfigurationList = 596EA35E23EC998400ACA58D /* Build configuration list for PBXNativeTarget "GSSqliteGlobal" */;
			buildPhases = (
				596EA34623EC998200ACA58D /* Sources */,
				596EA34723EC998200ACA58D /* Frameworks */,
				596EA34823EC998200ACA58D /* Resources */,
			);
			buildRules = (
			);
			dependencies = (
			);
			name = GSSqliteGlobal;
			productName = GSSqliteGlobal;
			productReference = 596EA34A23EC998200ACA58D /* GSSqliteGlobal.app */;
			productType = "com.apple.product-type.application";
		};
/* End PBXNativeTarget section */

/* Begin PBXProject section */
		596EA34223EC998200ACA58D /* Project object */ = {
			isa = PBXProject;
			attributes = {
				LastSwiftUpdateCheck = 1130;
				LastUpgradeCheck = 1130;
				ORGANIZATIONNAME = iGatiTech;
				TargetAttributes = {
					596EA34923EC998200ACA58D = {
						CreatedOnToolsVersion = 11.3.1;
					};
				};
			};
			buildConfigurationList = 596EA34523EC998200ACA58D /* Build configuration list for PBXProject "GSSqliteGlobal" */;
			compatibilityVersion = "Xcode 9.3";
			developmentRegion = en;
			hasScannedForEncodings = 0;
			knownRegions = (
				en,
				Base,
			);
			mainGroup = 596EA34123EC998200ACA58D;
			productRefGroup = 596EA34B23EC998200ACA58D /* Products */;
			projectDirPath = "";
			projectRoot = "";
			targets = (
				596EA34923EC998200ACA58D /* GSSqliteGlobal */,
			);
		};
/* End PBXProject section */

/* Begin PBXResourcesBuildPhase section */
		596EA34823EC998200ACA58D /* Resources */ = {
			isa = PBXResourcesBuildPhase;
			buildActionMask = 2147483647;
			files = (
				596EA3CC23EC9C8600ACA58D /* UserTableCell.xib in Resources */,
				596EA35A23EC998400ACA58D /* LaunchScreen.storyboard in Resources */,
				596EA35723EC998400ACA58D /* Assets.xcassets in Resources */,
				596EA3D423EDB51100ACA58D /* DB.sqlite in Resources */,
				596EA3C423EC9B0100ACA58D /* User.storyboard in Resources */,
				596EA36223EC9A2400ACA58D /* README.md in Resources */,
			);
			runOnlyForDeploymentPostprocessing = 0;
		};
/* End PBXResourcesBuildPhase section */

/* Begin PBXSourcesBuildPhase section */
		596EA34623EC998200ACA58D /* Sources */ = {
			isa = PBXSourcesBuildPhase;
			buildActionMask = 2147483647;
			files = (
				596EA3DA23EDCE5600ACA58D /* UIViewExtension.swift in Sources */,
				596EA3A023EC9ACF00ACA58D /* StringConstant.swift in Sources */,
				596EA3E023EDE2C300ACA58D /* UIViewControllerExtension.swift in Sources */,
				596EA3A223EC9ACF00ACA58D /* ApiKeys.swift in Sources */,
				596EA39C23EC9ACF00ACA58D /* Cache.swift in Sources */,
				596EA3DC23EDD03200ACA58D /* StringExtension.swift in Sources */,
				596EA3CE23EC9EC900ACA58D /* UITableViewExtensions.swift in Sources */,
				596EA39E23EC9ACF00ACA58D /* CellIdentifier.swift in Sources */,
				596EA3C623EC9C1700ACA58D /* AddUserVC.swift in Sources */,
				596EA34E23EC998200ACA58D /* AppDelegate.swift in Sources */,
				596EA35023EC998200ACA58D /* SceneDelegate.swift in Sources */,
				596EA3A123EC9ACF00ACA58D /* ControllerIdentifier.swift in Sources */,
				596EA39B23EC9ACF00ACA58D /* Functions.swift in Sources */,
				596EA39D23EC9ACF00ACA58D /* Constant.swift in Sources */,
				596EA3DE23EDD7F200ACA58D /* UserData.swift in Sources */,
				596EA3CB23EC9C8600ACA58D /* UserTableCell.swift in Sources */,
				596EA3D523EDB51100ACA58D /* DBFacilities.swift in Sources */,
				596EA3C823EC9C3A00ACA58D /* UserListVC.swift in Sources */,
			);
			runOnlyForDeploymentPostprocessing = 0;
		};
/* End PBXSourcesBuildPhase section */

/* Begin PBXVariantGroup section */
		596EA35823EC998400ACA58D /* LaunchScreen.storyboard */ = {
			isa = PBXVariantGroup;
			children = (
				596EA35923EC998400ACA58D /* Base */,
			);
			name = LaunchScreen.storyboard;
			sourceTree = "<group>";
		};
/* End PBXVariantGroup section */

/* Begin XCBuildConfiguration section */
		596EA35C23EC998400ACA58D /* Debug */ = {
			isa = XCBuildConfiguration;
			buildSettings = {
				ALWAYS_SEARCH_USER_PATHS = NO;
				CLANG_ANALYZER_NONNULL = YES;
				CLANG_ANALYZER_NUMBER_OBJECT_CONVERSION = YES_AGGRESSIVE;
				CLANG_CXX_LANGUAGE_STANDARD = "gnu++14";
				CLANG_CXX_LIBRARY = "libc++";
				CLANG_ENABLE_MODULES = YES;
				CLANG_ENABLE_OBJC_ARC = YES;
				CLANG_ENABLE_OBJC_WEAK = YES;
				CLANG_WARN_BLOCK_CAPTURE_AUTORELEASING = YES;
				CLANG_WARN_BOOL_CONVERSION = YES;
				CLANG_WARN_COMMA = YES;
				CLANG_WARN_CONSTANT_CONVERSION = YES;
				CLANG_WARN_DEPRECATED_OBJC_IMPLEMENTATIONS = YES;
				CLANG_WARN_DIRECT_OBJC_ISA_USAGE = YES_ERROR;
				CLANG_WARN_DOCUMENTATION_COMMENTS = YES;
				CLANG_WARN_EMPTY_BODY = YES;
				CLANG_WARN_ENUM_CONVERSION = YES;
				CLANG_WARN_INFINITE_RECURSION = YES;
				CLANG_WARN_INT_CONVERSION = YES;
				CLANG_WARN_NON_LITERAL_NULL_CONVERSION = YES;
				CLANG_WARN_OBJC_IMPLICIT_RETAIN_SELF = YES;
				CLANG_WARN_OBJC_LITERAL_CONVERSION = YES;
				CLANG_WARN_OBJC_ROOT_CLASS = YES_ERROR;
				CLANG_WARN_RANGE_LOOP_ANALYSIS = YES;
				CLANG_WARN_STRICT_PROTOTYPES = YES;
				CLANG_WARN_SUSPICIOUS_MOVE = YES;
				CLANG_WARN_UNGUARDED_AVAILABILITY = YES_AGGRESSIVE;
				CLANG_WARN_UNREACHABLE_CODE = YES;
				CLANG_WARN__DUPLICATE_METHOD_MATCH = YES;
				COPY_PHASE_STRIP = NO;
				DEBUG_INFORMATION_FORMAT = dwarf;
				ENABLE_STRICT_OBJC_MSGSEND = YES;
				ENABLE_TESTABILITY = YES;
				GCC_C_LANGUAGE_STANDARD = gnu11;
				GCC_DYNAMIC_NO_PIC = NO;
				GCC_NO_COMMON_BLOCKS = YES;
				GCC_OPTIMIZATION_LEVEL = 0;
				GCC_PREPROCESSOR_DEFINITIONS = (
					"DEBUG=1",
					"$(inherited)",
				);
				GCC_WARN_64_TO_32_BIT_CONVERSION = YES;
				GCC_WARN_ABOUT_RETURN_TYPE = YES_ERROR;
				GCC_WARN_UNDECLARED_SELECTOR = YES;
				GCC_WARN_UNINITIALIZED_AUTOS = YES_AGGRESSIVE;
				GCC_WARN_UNUSED_FUNCTION = YES;
				GCC_WARN_UNUSED_VARIABLE = YES;
				IPHONEOS_DEPLOYMENT_TARGET = 13.2;
				MTL_ENABLE_DEBUG_INFO = INCLUDE_SOURCE;
				MTL_FAST_MATH = YES;
				ONLY_ACTIVE_ARCH = YES;
				SDKROOT = iphoneos;
				SWIFT_ACTIVE_COMPILATION_CONDITIONS = DEBUG;
				SWIFT_OPTIMIZATION_LEVEL = "-Onone";
			};
			name = Debug;
		};
		596EA35D23EC998400ACA58D /* Release */ = {
			isa = XCBuildConfiguration;
			buildSettings = {
				ALWAYS_SEARCH_USER_PATHS = NO;
				CLANG_ANALYZER_NONNULL = YES;
				CLANG_ANALYZER_NUMBER_OBJECT_CONVERSION = YES_AGGRESSIVE;
				CLANG_CXX_LANGUAGE_STANDARD = "gnu++14";
				CLANG_CXX_LIBRARY = "libc++";
				CLANG_ENABLE_MODULES = YES;
				CLANG_ENABLE_OBJC_ARC = YES;
				CLANG_ENABLE_OBJC_WEAK = YES;
				CLANG_WARN_BLOCK_CAPTURE_AUTORELEASING = YES;
				CLANG_WARN_BOOL_CONVERSION = YES;
				CLANG_WARN_COMMA = YES;
				CLANG_WARN_CONSTANT_CONVERSION = YES;
				CLANG_WARN_DEPRECATED_OBJC_IMPLEMENTATIONS = YES;
				CLANG_WARN_DIRECT_OBJC_ISA_USAGE = YES_ERROR;
				CLANG_WARN_DOCUMENTATION_COMMENTS = YES;
				CLANG_WARN_EMPTY_BODY = YES;
				CLANG_WARN_ENUM_CONVERSION = YES;
				CLANG_WARN_INFINITE_RECURSION = YES;
				CLANG_WARN_INT_CONVERSION = YES;
				CLANG_WARN_NON_LITERAL_NULL_CONVERSION = YES;
				CLANG_WARN_OBJC_IMPLICIT_RETAIN_SELF = YES;
				CLANG_WARN_OBJC_LITERAL_CONVERSION = YES;
				CLANG_WARN_OBJC_ROOT_CLASS = YES_ERROR;
				CLANG_WARN_RANGE_LOOP_ANALYSIS = YES;
				CLANG_WARN_STRICT_PROTOTYPES = YES;
				CLANG_WARN_SUSPICIOUS_MOVE = YES;
				CLANG_WARN_UNGUARDED_AVAILABILITY = YES_AGGRESSIVE;
				CLANG_WARN_UNREACHABLE_CODE = YES;
				CLANG_WARN__DUPLICATE_METHOD_MATCH = YES;
				COPY_PHASE_STRIP = NO;
				DEBUG_INFORMATION_FORMAT = "dwarf-with-dsym";
				ENABLE_NS_ASSERTIONS = NO;
				ENABLE_STRICT_OBJC_MSGSEND = YES;
				GCC_C_LANGUAGE_STANDARD = gnu11;
				GCC_NO_COMMON_BLOCKS = YES;
				GCC_WARN_64_TO_32_BIT_CONVERSION = YES;
				GCC_WARN_ABOUT_RETURN_TYPE = YES_ERROR;
				GCC_WARN_UNDECLARED_SELECTOR = YES;
				GCC_WARN_UNINITIALIZED_AUTOS = YES_AGGRESSIVE;
				GCC_WARN_UNUSED_FUNCTION = YES;
				GCC_WARN_UNUSED_VARIABLE = YES;
				IPHONEOS_DEPLOYMENT_TARGET = 13.2;
				MTL_ENABLE_DEBUG_INFO = NO;
				MTL_FAST_MATH = YES;
				SDKROOT = iphoneos;
				SWIFT_COMPILATION_MODE = wholemodule;
				SWIFT_OPTIMIZATION_LEVEL = "-O";
				VALIDATE_PRODUCT = YES;
			};
			name = Release;
		};
		596EA35F23EC998400ACA58D /* Debug */ = {
			isa = XCBuildConfiguration;
			buildSettings = {
				ASSETCATALOG_COMPILER_APPICON_NAME = AppIcon;
				CODE_SIGN_STYLE = Automatic;
				INFOPLIST_FILE = GSSqliteGlobal/Info.plist;
				LD_RUNPATH_SEARCH_PATHS = (
					"$(inherited)",
					"@executable_path/Frameworks",
				);
				PRODUCT_BUNDLE_IDENTIFIER = com.iGatiTech.GSSqliteGlobal;
				PRODUCT_NAME = "$(TARGET_NAME)";
				SWIFT_OBJC_BRIDGING_HEADER = "$(SRCROOT)/GSSqliteGlobal/Global/Local Database/GSSqliteGlobal-Bridging-Header.h";
				SWIFT_VERSION = 5.0;
				TARGETED_DEVICE_FAMILY = "1,2";
			};
			name = Debug;
		};
		596EA36023EC998400ACA58D /* Release */ = {
			isa = XCBuildConfiguration;
			buildSettings = {
				ASSETCATALOG_COMPILER_APPICON_NAME = AppIcon;
				CODE_SIGN_STYLE = Automatic;
				INFOPLIST_FILE = GSSqliteGlobal/Info.plist;
				LD_RUNPATH_SEARCH_PATHS = (
					"$(inherited)",
					"@executable_path/Frameworks",
				);
				PRODUCT_BUNDLE_IDENTIFIER = com.iGatiTech.GSSqliteGlobal;
				PRODUCT_NAME = "$(TARGET_NAME)";
				SWIFT_OBJC_BRIDGING_HEADER = "$(SRCROOT)/GSSqliteGlobal/Global/Local Database/GSSqliteGlobal-Bridging-Header.h";
				SWIFT_VERSION = 5.0;
				TARGETED_DEVICE_FAMILY = "1,2";
			};
			name = Release;
		};
/* End XCBuildConfiguration section */

/* Begin XCConfigurationList section */
		596EA34523EC998200ACA58D /* Build configuration list for PBXProject "GSSqliteGlobal" */ = {
			isa = XCConfigurationList;
			buildConfigurations = (
				596EA35C23EC998400ACA58D /* Debug */,
				596EA35D23EC998400ACA58D /* Release */,
			);
			defaultConfigurationIsVisible = 0;
			defaultConfigurationName = Release;
		};
		596EA35E23EC998400ACA58D /* Build configuration list for PBXNativeTarget "GSSqliteGlobal" */ = {
			isa = XCConfigurationList;
			buildConfigurations = (
				596EA35F23EC998400ACA58D /* Debug */,
				596EA36023EC998400ACA58D /* Release */,
			);
			defaultConfigurationIsVisible = 0;
			defaultConfigurationName = Release;
		};
/* End XCConfigurationList section */
	};
	rootObject = 596EA34223EC998200ACA58D /* Project object */;
}
